
Microsoft Visual Studio Solution File, Format Version 12.00
# Visual Studio Version 17
VisualStudioVersion = 17.7.34202.233
MinimumVisualStudioVersion = 10.0.40219.1
Project("{FAE04EC0-301F-11D3-BF4B-00C04F79EFBC}") = "Lab2Var1Task1", "Lab2Var1Task1\Lab2Var1Task1.csproj", "{76EB97F9-BC35-4C53-9199-3DC67904BEAE}"
EndProject
Global
	GlobalSection(SolutionConfigurationPlatforms) = preSolution
		Debug|Any CPU = Debug|Any CPU
		Release|Any CPU = Release|Any CPU
	EndGlobalSection
	GlobalSection(ProjectConfigurationPlatforms) = postSolution
		{76EB97F9-BC35-4C53-9199-3DC67904BEAE}.Debug|Any CPU.ActiveCfg = Debug|Any CPU
		{76EB97F9-BC35-4C53-9199-3DC67904BEAE}.Debug|Any CPU.Build.0 = Debug|Any CPU
		{76EB97F9-BC35-4C53-9199-3DC67904BEAE}.Release|Any CPU.ActiveCfg = Release|Any CPU
		{76EB97F9-BC35-4C53-9199-3DC67904BEAE}.Release|Any CPU.Build.0 = Release|Any CPU
	EndGlobalSection
	GlobalSection(SolutionProperties) = preSolution
		HideSolutionNode = FALSE
	EndGlobalSection
	GlobalSection(ExtensibilityGlobals) = postSolution
		SolutionGuid = {B0509376-E694-4DBF-A10F-1469B5B7A461}
	EndGlobalSection
EndGlobal
